
Microsoft Visual Studio Solution File, Format Version 12.00
# Visual Studio Version 18
VisualStudioVersion = 18.3.11512.155 d18.3
MinimumVisualStudioVersion = 10.0.40219.1
Project("{FAE04EC0-301F-11D3-BF4B-00C04F79EFBC}") = "EventEase", "EventEase.csproj", "{49C6BAC8-6CFA-43C3-B5E0-4A15DA14B3F9}"
EndProject
Global
	GlobalSection(SolutionConfigurationPlatforms) = preSolution
		Debug|Any CPU = Debug|Any CPU
		Release|Any CPU = Release|Any CPU
	EndGlobalSection
	GlobalSection(ProjectConfigurationPlatforms) = postSolution
		{49C6BAC8-6CFA-43C3-B5E0-4A15DA14B3F9}.Debug|Any CPU.ActiveCfg = Debug|Any CPU
		{49C6BAC8-6CFA-43C3-B5E0-4A15DA14B3F9}.Debug|Any CPU.Build.0 = Debug|Any CPU
		{49C6BAC8-6CFA-43C3-B5E0-4A15DA14B3F9}.Release|Any CPU.ActiveCfg = Release|Any CPU
		{49C6BAC8-6CFA-43C3-B5E0-4A15DA14B3F9}.Release|Any CPU.Build.0 = Release|Any CPU
	EndGlobalSection
	GlobalSection(SolutionProperties) = preSolution
		HideSolutionNode = FALSE
	EndGlobalSection
	GlobalSection(ExtensibilityGlobals) = postSolution
		SolutionGuid = {3B419E07-A815-47E2-AA5E-1295B0FF749E}
	EndGlobalSection
EndGlobal
